<?xml version="1.0" encoding="utf-8"?>
<Project ToolsVersion="4.0" xmlns="http://schemas.microsoft.com/developer/msbuild/2003">
  <ItemGroup>
    <Filter Include="File di origine">
      <UniqueIdentifier>{4FC737F1-C7A5-4376-A066-2A32D752A2FF}</UniqueIdentifier>
      <Extensions>cpp;c;cc;cxx;def;odl;idl;hpj;bat;asm;asmx</Extensions>
    </Filter>
    <Filter Include="File di intestazione">
      <UniqueIdentifier>{93995380-89BD-4b04-88EB-625FBE52EBFB}</UniqueIdentifier>
      <Extensions>h;hpp;hxx;hm;inl;inc;xsd</Extensions>
    </Filter>
    <Filter Include="File di risorse">
      <UniqueIdentifier>{67DA6AB6-F800-4c08-8B7A-83BB121AAD01}</UniqueIdentifier>
      <Extensions>rc;ico;cur;bmp;dlg;rc2;rct;bin;rgs;gif;jpg;jpeg;jpe;resx;tiff;tif;png;wav;mfcribbon-ms</Extensions>
    </Filter>
  </ItemGroup>
  <ItemGroup>
    <ClCompile Include="Main.cpp">
      <Filter>File di origine</Filter>
    </ClCompile>
    <ClCompile Include="WorldVertexArray.cpp">
      <Filter>File di origine</Filter>
    </ClCompile>
    <ClCompile Include="Sonic.cpp">
      <Filter>File di origine</Filter>
    </ClCompile>
    <ClCompile Include="GameData.cpp">
      <Filter>File di origine</Filter>
    </ClCompile>
    <ClCompile Include="GameLogic.cpp">
      <Filter>File di origine</Filter>
    </ClCompile>
    <ClCompile Include="GameRendering.cpp">
      <Filter>File di origine</Filter>
    </ClCompile>
    <ClCompile Include="AudioEngine.cpp">
      <Filter>File di origine</Filter>
    </ClCompile>
    <ClCompile Include="InterfaceRendering.cpp">
      <Filter>File di origine</Filter>
    </ClCompile>
    <ClCompile Include="DeferredRendering.cpp">
      <Filter>File di origine</Filter>
    </ClCompile>
    <ClCompile Include="Global.cpp">
      <Filter>File di origine</Filter>
    </ClCompile>
    <ClCompile Include="GameMenu.cpp">
      <Filter>File di origine</Filter>
    </ClCompile>
    <ClCompile Include="SkyVertexArray.cpp">
      <Filter>File di origine</Filter>
    </ClCompile>
    <ClCompile Include="StageGenerator.cpp">
      <Filter>File di origine</Filter>
    </ClCompile>
    <ClCompile Include="GLWindow.cpp">
      <Filter>File di origine</Filter>
    </ClCompile>
    <ClCompile Include="Sprite.cpp">
      <Filter>File di origine</Filter>
    </ClCompile>
  </ItemGroup>
  <ItemGroup>
    <ClInclude Include="WorldVertexArray.h">
      <Filter>File di intestazione</Filter>
    </ClInclude>
    <ClInclude Include="Sonic.h">
      <Filter>File di intestazione</Filter>
    </ClInclude>
    <ClInclude Include="GameData.h">
      <Filter>File di intestazione</Filter>
    </ClInclude>
    <ClInclude Include="GameLogic.h">
      <Filter>File di intestazione</Filter>
    </ClInclude>
    <ClInclude Include="GameRendering.h">
      <Filter>File di intestazione</Filter>
    </ClInclude>
    <ClInclude Include="AudioEngine.h">
      <Filter>File di intestazione</Filter>
    </ClInclude>
    <ClInclude Include="InterfaceRendering.h">
      <Filter>File di intestazione</Filter>
    </ClInclude>
    <ClInclude Include="DeferredRendering.h">
      <Filter>File di intestazione</Filter>
    </ClInclude>
    <ClInclude Include="Global.h">
      <Filter>File di intestazione</Filter>
    </ClInclude>
    <ClInclude Include="GameMenu.h">
      <Filter>File di intestazione</Filter>
    </ClInclude>
    <ClInclude Include="resource.h">
      <Filter>File di intestazione</Filter>
    </ClInclude>
    <ClInclude Include="SkyVertexArray.h">
      <Filter>File di intestazione</Filter>
    </ClInclude>
    <ClInclude Include="StageGenerator.h">
      <Filter>File di intestazione</Filter>
    </ClInclude>
    <ClInclude Include="GLWindow.h">
      <Filter>File di intestazione</Filter>
    </ClInclude>
    <ClInclude Include="Sprite.h">
      <Filter>File di intestazione</Filter>
    </ClInclude>
  </ItemGroup>
  <ItemGroup>
    <None Include="todo.txt" />
  </ItemGroup>
</Project>